// !$*UTF8*$!
{
	archiveVersion = 1;
	classes = {
	};
	objectVersion = 55;
	objects = {

/* Begin PBXBuildFile section */
		50E0406F284060C0005E87C0 /* AppDelegate.swift in Sources */ = {isa = PBXBuildFile; fileRef = 50E0406E284060C0005E87C0 /* AppDelegate.swift */; };
		50E04071284060C0005E87C0 /* SceneDelegate.swift in Sources */ = {isa = PBXBuildFile; fileRef = 50E04070284060C0005E87C0 /* SceneDelegate.swift */; };
		50E04078284060C4005E87C0 /* Assets.xcassets in Resources */ = {isa = PBXBuildFile; fileRef = 50E04077284060C4005E87C0 /* Assets.xcassets */; };
		50E0407B284060C4005E87C0 /* LaunchScreen.storyboard in Resources */ = {isa = PBXBuildFile; fileRef = 50E04079284060C4005E87C0 /* LaunchScreen.storyboard */; };
		50E04089284061DD005E87C0 /* Model.swift in Sources */ = {isa = PBXBuildFile; fileRef = 50E04088284061DD005E87C0 /* Model.swift */; };
		50E0408B284061FC005E87C0 /* MainTableViewController.swift in Sources */ = {isa = PBXBuildFile; fileRef = 50E0408A284061FC005E87C0 /* MainTableViewController.swift */; };
		50E0408E28406221005E87C0 /* TextCell.swift in Sources */ = {isa = PBXBuildFile; fileRef = 50E0408D28406221005E87C0 /* TextCell.swift */; };
		50E0409028406228005E87C0 /* ImageCell.swift in Sources */ = {isa = PBXBuildFile; fileRef = 50E0408F28406228005E87C0 /* ImageCell.swift */; };
		50E0409228406234005E87C0 /* SelectorCell.swift in Sources */ = {isa = PBXBuildFile; fileRef = 50E0409128406234005E87C0 /* SelectorCell.swift */; };
		50E040942840623D005E87C0 /* ViewModel.swift in Sources */ = {isa = PBXBuildFile; fileRef = 50E040932840623D005E87C0 /* ViewModel.swift */; };
		50E040962840624D005E87C0 /* Protocol.swift in Sources */ = {isa = PBXBuildFile; fileRef = 50E040952840624D005E87C0 /* Protocol.swift */; };
		50E0409828406253005E87C0 /* Constants.swift in Sources */ = {isa = PBXBuildFile; fileRef = 50E0409728406253005E87C0 /* Constants.swift */; };
		50E0409A2840625B005E87C0 /* Extensions.swift in Sources */ = {isa = PBXBuildFile; fileRef = 50E040992840625B005E87C0 /* Extensions.swift */; };
		50E0409C28406265005E87C0 /* CustomImageView.swift in Sources */ = {isa = PBXBuildFile; fileRef = 50E0409B28406265005E87C0 /* CustomImageView.swift */; };
		50E0409E28406270005E87C0 /* NetworkManager.swift in Sources */ = {isa = PBXBuildFile; fileRef = 50E0409D28406270005E87C0 /* NetworkManager.swift */; };
		DDC6AA7E4538CAC857C58627 /* Pods_Pryaniki_Test.framework in Frameworks */ = {isa = PBXBuildFile; fileRef = 7D6943A955DA13771CD7FB18 /* Pods_Pryaniki_Test.framework */; };
/* End PBXBuildFile section */

/* Begin PBXFileReference section */
		50E0406B284060C0005E87C0 /* Pryaniki_Test.app */ = {isa = PBXFileReference; explicitFileType = wrapper.application; includeInIndex = 0; path = Pryaniki_Test.app; sourceTree = BUILT_PRODUCTS_DIR; };
		50E0406E284060C0005E87C0 /* AppDelegate.swift */ = {isa = PBXFileReference; lastKnownFileType = sourcecode.swift; path = AppDelegate.swift; sourceTree = "<group>"; };
		50E04070284060C0005E87C0 /* SceneDelegate.swift */ = {isa = PBXFileReference; lastKnownFileType = sourcecode.swift; path = SceneDelegate.swift; sourceTree = "<group>"; };
		50E04077284060C4005E87C0 /* Assets.xcassets */ = {isa = PBXFileReference; lastKnownFileType = folder.assetcatalog; path = Assets.xcassets; sourceTree = "<group>"; };
		50E0407A284060C4005E87C0 /* Base */ = {isa = PBXFileReference; lastKnownFileType = file.storyboard; name = Base; path = Base.lproj/LaunchScreen.storyboard; sourceTree = "<group>"; };
		50E0407C284060C4005E87C0 /* Info.plist */ = {isa = PBXFileReference; lastKnownFileType = text.plist.xml; path = Info.plist; sourceTree = "<group>"; };
		50E04088284061DD005E87C0 /* Model.swift */ = {isa = PBXFileReference; lastKnownFileType = sourcecode.swift; path = Model.swift; sourceTree = "<group>"; };
		50E0408A284061FC005E87C0 /* MainTableViewController.swift */ = {isa = PBXFileReference; lastKnownFileType = sourcecode.swift; path = MainTableViewController.swift; sourceTree = "<group>"; };
		50E0408D28406221005E87C0 /* TextCell.swift */ = {isa = PBXFileReference; lastKnownFileType = sourcecode.swift; path = TextCell.swift; sourceTree = "<group>"; };
		50E0408F28406228005E87C0 /* ImageCell.swift */ = {isa = PBXFileReference; lastKnownFileType = sourcecode.swift; path = ImageCell.swift; sourceTree = "<group>"; };
		50E0409128406234005E87C0 /* SelectorCell.swift */ = {isa = PBXFileReference; lastKnownFileType = sourcecode.swift; path = SelectorCell.swift; sourceTree = "<group>"; };
		50E040932840623D005E87C0 /* ViewModel.swift */ = {isa = PBXFileReference; lastKnownFileType = sourcecode.swift; path = ViewModel.swift; sourceTree = "<group>"; };
		50E040952840624D005E87C0 /* Protocol.swift */ = {isa = PBXFileReference; lastKnownFileType = sourcecode.swift; path = Protocol.swift; sourceTree = "<group>"; };
		50E0409728406253005E87C0 /* Constants.swift */ = {isa = PBXFileReference; lastKnownFileType = sourcecode.swift; path = Constants.swift; sourceTree = "<group>"; };
		50E040992840625B005E87C0 /* Extensions.swift */ = {isa = PBXFileReference; lastKnownFileType = sourcecode.swift; path = Extensions.swift; sourceTree = "<group>"; };
		50E0409B28406265005E87C0 /* CustomImageView.swift */ = {isa = PBXFileReference; lastKnownFileType = sourcecode.swift; path = CustomImageView.swift; sourceTree = "<group>"; };
		50E0409D28406270005E87C0 /* NetworkManager.swift */ = {isa = PBXFileReference; lastKnownFileType = sourcecode.swift; path = NetworkManager.swift; sourceTree = "<group>"; };
		5C25ECE39CF2173D1DD09AE0 /* Pods-Pryaniki_Test.release.xcconfig */ = {isa = PBXFileReference; includeInIndex = 1; lastKnownFileType = text.xcconfig; name = "Pods-Pryaniki_Test.release.xcconfig"; path = "Target Support Files/Pods-Pryaniki_Test/Pods-Pryaniki_Test.release.xcconfig"; sourceTree = "<group>"; };
		7D6943A955DA13771CD7FB18 /* Pods_Pryaniki_Test.framework */ = {isa = PBXFileReference; explicitFileType = wrapper.framework; includeInIndex = 0; path = Pods_Pryaniki_Test.framework; sourceTree = BUILT_PRODUCTS_DIR; };
		D338BEBC6D839544D5A2CC1B /* Pods-Pryaniki_Test.debug.xcconfig */ = {isa = PBXFileReference; includeInIndex = 1; lastKnownFileType = text.xcconfig; name = "Pods-Pryaniki_Test.debug.xcconfig"; path = "Target Support Files/Pods-Pryaniki_Test/Pods-Pryaniki_Test.debug.xcconfig"; sourceTree = "<group>"; };
/* End PBXFileReference section */

/* Begin PBXFrameworksBuildPhase section */
		50E04068284060C0005E87C0 /* Frameworks */ = {
			isa = PBXFrameworksBuildPhase;
			buildActionMask = 2147483647;
			files = (
				DDC6AA7E4538CAC857C58627 /* Pods_Pryaniki_Test.framework in Frameworks */,
			);
			runOnlyForDeploymentPostprocessing = 0;
		};
/* End PBXFrameworksBuildPhase section */

/* Begin PBXGroup section */
		50E04062284060C0005E87C0 = {
			isa = PBXGroup;
			children = (
				50E0406D284060C0005E87C0 /* Pryaniki_Test */,
				50E0406C284060C0005E87C0 /* Products */,
				E87D1C32E2D9BCBD1C08A3AF /* Pods */,
				ABF255D5FC17C1B628D165C6 /* Frameworks */,
			);
			sourceTree = "<group>";
		};
		50E0406C284060C0005E87C0 /* Products */ = {
			isa = PBXGroup;
			children = (
				50E0406B284060C0005E87C0 /* Pryaniki_Test.app */,
			);
			name = Products;
			sourceTree = "<group>";
		};
		50E0406D284060C0005E87C0 /* Pryaniki_Test */ = {
			isa = PBXGroup;
			children = (
				50E04087284061D2005E87C0 /* Model */,
				50E04086284061CB005E87C0 /* View */,
				50E04085284061C1005E87C0 /* ViewModel */,
				50E04084284061BA005E87C0 /* Helpers */,
				50E04083284061AB005E87C0 /* Managers */,
				50E04082284061A0005E87C0 /* Supporting Files */,
				50E04077284060C4005E87C0 /* Assets.xcassets */,
				50E04079284060C4005E87C0 /* LaunchScreen.storyboard */,
				50E0407C284060C4005E87C0 /* Info.plist */,
			);
			path = Pryaniki_Test;
			sourceTree = "<group>";
		};
		50E04082284061A0005E87C0 /* Supporting Files */ = {
			isa = PBXGroup;
			children = (
				50E0406E284060C0005E87C0 /* AppDelegate.swift */,
				50E04070284060C0005E87C0 /* SceneDelegate.swift */,
			);
			path = "Supporting Files";
			sourceTree = "<group>";
		};
		50E04083284061AB005E87C0 /* Managers */ = {
			isa = PBXGroup;
			children = (
				50E0409D28406270005E87C0 /* NetworkManager.swift */,
			);
			path = Managers;
			sourceTree = "<group>";
		};
		50E04084284061BA005E87C0 /* Helpers */ = {
			isa = PBXGroup;
			children = (
				50E040952840624D005E87C0 /* Protocol.swift */,
				50E0409728406253005E87C0 /* Constants.swift */,
				50E040992840625B005E87C0 /* Extensions.swift */,
				50E0409B28406265005E87C0 /* CustomImageView.swift */,
			);
			path = Helpers;
			sourceTree = "<group>";
		};
		50E04085284061C1005E87C0 /* ViewModel */ = {
			isa = PBXGroup;
			children = (
				50E040932840623D005E87C0 /* ViewModel.swift */,
			);
			path = ViewModel;
			sourceTree = "<group>";
		};
		50E04086284061CB005E87C0 /* View */ = {
			isa = PBXGroup;
			children = (
				50E0408A284061FC005E87C0 /* MainTableViewController.swift */,
				50E0408C28406211005E87C0 /* Cells */,
			);
			path = View;
			sourceTree = "<group>";
		};
		50E04087284061D2005E87C0 /* Model */ = {
			isa = PBXGroup;
			children = (
				50E04088284061DD005E87C0 /* Model.swift */,
			);
			path = Model;
			sourceTree = "<group>";
		};
		50E0408C28406211005E87C0 /* Cells */ = {
			isa = PBXGroup;
			children = (
				50E0408D28406221005E87C0 /* TextCell.swift */,
				50E0408F28406228005E87C0 /* ImageCell.swift */,
				50E0409128406234005E87C0 /* SelectorCell.swift */,
			);
			path = Cells;
			sourceTree = "<group>";
		};
		ABF255D5FC17C1B628D165C6 /* Frameworks */ = {
			isa = PBXGroup;
			children = (
				7D6943A955DA13771CD7FB18 /* Pods_Pryaniki_Test.framework */,
			);
			name = Frameworks;
			sourceTree = "<group>";
		};
		E87D1C32E2D9BCBD1C08A3AF /* Pods */ = {
			isa = PBXGroup;
			children = (
				D338BEBC6D839544D5A2CC1B /* Pods-Pryaniki_Test.debug.xcconfig */,
				5C25ECE39CF2173D1DD09AE0 /* Pods-Pryaniki_Test.release.xcconfig */,
			);
			path = Pods;
			sourceTree = "<group>";
		};
/* End PBXGroup section */

/* Begin PBXNativeTarget section */
		50E0406A284060C0005E87C0 /* Pryaniki_Test */ = {
			isa = PBXNativeTarget;
			buildConfigurationList = 50E0407F284060C4005E87C0 /* Build configuration list for PBXNativeTarget "Pryaniki_Test" */;
			buildPhases = (
				85BAC9B4BFE41614E105308F /* [CP] Check Pods Manifest.lock */,
				50E04067284060C0005E87C0 /* Sources */,
				50E04068284060C0005E87C0 /* Frameworks */,
				50E04069284060C0005E87C0 /* Resources */,
				A76113F762BE6A9A8B4E2493 /* [CP] Embed Pods Frameworks */,
			);
			buildRules = (
			);
			dependencies = (
			);
			name = Pryaniki_Test;
			productName = Pryaniki_Test;
			productReference = 50E0406B284060C0005E87C0 /* Pryaniki_Test.app */;
			productType = "com.apple.product-type.application";
		};
/* End PBXNativeTarget section */

/* Begin PBXProject section */
		50E04063284060C0005E87C0 /* Project object */ = {
			isa = PBXProject;
			attributes = {
				BuildIndependentTargetsInParallel = 1;
				LastSwiftUpdateCheck = 1320;
				LastUpgradeCheck = 1320;
				TargetAttributes = {
					50E0406A284060C0005E87C0 = {
						CreatedOnToolsVersion = 13.2.1;
					};
				};
			};
			buildConfigurationList = 50E04066284060C0005E87C0 /* Build configuration list for PBXProject "Pryaniki_Test" */;
			compatibilityVersion = "Xcode 13.0";
			developmentRegion = en;
			hasScannedForEncodings = 0;
			knownRegions = (
				en,
				Base,
			);
			mainGroup = 50E04062284060C0005E87C0;
			productRefGroup = 50E0406C284060C0005E87C0 /* Products */;
			projectDirPath = "";
			projectRoot = "";
			targets = (
				50E0406A284060C0005E87C0 /* Pryaniki_Test */,
			);
		};
/* End PBXProject section */

/* Begin PBXResourcesBuildPhase section */
		50E04069284060C0005E87C0 /* Resources */ = {
			isa = PBXResourcesBuildPhase;
			buildActionMask = 2147483647;
			files = (
				50E0407B284060C4005E87C0 /* LaunchScreen.storyboard in Resources */,
				50E04078284060C4005E87C0 /* Assets.xcassets in Resources */,
			);
			runOnlyForDeploymentPostprocessing = 0;
		};
/* End PBXResourcesBuildPhase section */

/* Begin PBXShellScriptBuildPhase section */
		85BAC9B4BFE41614E105308F /* [CP] Check Pods Manifest.lock */ = {
			isa = PBXShellScriptBuildPhase;
			buildActionMask = 2147483647;
			files = (
			);
			inputFileListPaths = (
			);
			inputPaths = (
				"${PODS_PODFILE_DIR_PATH}/Podfile.lock",
				"${PODS_ROOT}/Manifest.lock",
			);
			name = "[CP] Check Pods Manifest.lock";
			outputFileListPaths = (
			);
			outputPaths = (
				"$(DERIVED_FILE_DIR)/Pods-Pryaniki_Test-checkManifestLockResult.txt",
			);
			runOnlyForDeploymentPostprocessing = 0;
			shellPath = /bin/sh;
			shellScript = "diff \"${PODS_PODFILE_DIR_PATH}/Podfile.lock\" \"${PODS_ROOT}/Manifest.lock\" > /dev/null\nif [ $? != 0 ] ; then\n    # print error to STDERR\n    echo \"error: The sandbox is not in sync with the Podfile.lock. Run 'pod install' or update your CocoaPods installation.\" >&2\n    exit 1\nfi\n# This output is used by Xcode 'outputs' to avoid re-running this script phase.\necho \"SUCCESS\" > \"${SCRIPT_OUTPUT_FILE_0}\"\n";
			showEnvVarsInLog = 0;
		};
		A76113F762BE6A9A8B4E2493 /* [CP] Embed Pods Frameworks */ = {
			isa = PBXShellScriptBuildPhase;
			buildActionMask = 2147483647;
			files = (
			);
			inputFileListPaths = (
				"${PODS_ROOT}/Target Support Files/Pods-Pryaniki_Test/Pods-Pryaniki_Test-frameworks-${CONFIGURATION}-input-files.xcfilelist",
			);
			name = "[CP] Embed Pods Frameworks";
			outputFileListPaths = (
				"${PODS_ROOT}/Target Support Files/Pods-Pryaniki_Test/Pods-Pryaniki_Test-frameworks-${CONFIGURATION}-output-files.xcfilelist",
			);
			runOnlyForDeploymentPostprocessing = 0;
			shellPath = /bin/sh;
			shellScript = "\"${PODS_ROOT}/Target Support Files/Pods-Pryaniki_Test/Pods-Pryaniki_Test-frameworks.sh\"\n";
			showEnvVarsInLog = 0;
		};
/* End PBXShellScriptBuildPhase section */

/* Begin PBXSourcesBuildPhase section */
		50E04067284060C0005E87C0 /* Sources */ = {
			isa = PBXSourcesBuildPhase;
			buildActionMask = 2147483647;
			files = (
				50E0409828406253005E87C0 /* Constants.swift in Sources */,
				50E040942840623D005E87C0 /* ViewModel.swift in Sources */,
				50E0406F284060C0005E87C0 /* AppDelegate.swift in Sources */,
				50E04071284060C0005E87C0 /* SceneDelegate.swift in Sources */,
				50E0408B284061FC005E87C0 /* MainTableViewController.swift in Sources */,
				50E0408E28406221005E87C0 /* TextCell.swift in Sources */,
				50E0409A2840625B005E87C0 /* Extensions.swift in Sources */,
				50E0409028406228005E87C0 /* ImageCell.swift in Sources */,
				50E0409228406234005E87C0 /* SelectorCell.swift in Sources */,
				50E0409E28406270005E87C0 /* NetworkManager.swift in Sources */,
				50E04089284061DD005E87C0 /* Model.swift in Sources */,
				50E040962840624D005E87C0 /* Protocol.swift in Sources */,
				50E0409C28406265005E87C0 /* CustomImageView.swift in Sources */,
			);
			runOnlyForDeploymentPostprocessing = 0;
		};
/* End PBXSourcesBuildPhase section */

/* Begin PBXVariantGroup section */
		50E04079284060C4005E87C0 /* LaunchScreen.storyboard */ = {
			isa = PBXVariantGroup;
			children = (
				50E0407A284060C4005E87C0 /* Base */,
			);
			name = LaunchScreen.storyboard;
			sourceTree = "<group>";
		};
/* End PBXVariantGroup section */

/* Begin XCBuildConfiguration section */
		50E0407D284060C4005E87C0 /* Debug */ = {
			isa = XCBuildConfiguration;
			buildSettings = {
				ALWAYS_SEARCH_USER_PATHS = NO;
				CLANG_ANALYZER_NONNULL = YES;
				CLANG_ANALYZER_NUMBER_OBJECT_CONVERSION = YES_AGGRESSIVE;
				CLANG_CXX_LANGUAGE_STANDARD = "gnu++17";
				CLANG_CXX_LIBRARY = "libc++";
				CLANG_ENABLE_MODULES = YES;
				CLANG_ENABLE_OBJC_ARC = YES;
				CLANG_ENABLE_OBJC_WEAK = YES;
				CLANG_WARN_BLOCK_CAPTURE_AUTORELEASING = YES;
				CLANG_WARN_BOOL_CONVERSION = YES;
				CLANG_WARN_COMMA = YES;
				CLANG_WARN_CONSTANT_CONVERSION = YES;
				CLANG_WARN_DEPRECATED_OBJC_IMPLEMENTATIONS = YES;
				CLANG_WARN_DIRECT_OBJC_ISA_USAGE = YES_ERROR;
				CLANG_WARN_DOCUMENTATION_COMMENTS = YES;
				CLANG_WARN_EMPTY_BODY = YES;
				CLANG_WARN_ENUM_CONVERSION = YES;
				CLANG_WARN_INFINITE_RECURSION = YES;
				CLANG_WARN_INT_CONVERSION = YES;
				CLANG_WARN_NON_LITERAL_NULL_CONVERSION = YES;
				CLANG_WARN_OBJC_IMPLICIT_RETAIN_SELF = YES;
				CLANG_WARN_OBJC_LITERAL_CONVERSION = YES;
				CLANG_WARN_OBJC_ROOT_CLASS = YES_ERROR;
				CLANG_WARN_QUOTED_INCLUDE_IN_FRAMEWORK_HEADER = YES;
				CLANG_WARN_RANGE_LOOP_ANALYSIS = YES;
				CLANG_WARN_STRICT_PROTOTYPES = YES;
				CLANG_WARN_SUSPICIOUS_MOVE = YES;
				CLANG_WARN_UNGUARDED_AVAILABILITY = YES_AGGRESSIVE;
				CLANG_WARN_UNREACHABLE_CODE = YES;
				CLANG_WARN__DUPLICATE_METHOD_MATCH = YES;
				COPY_PHASE_STRIP = NO;
				DEBUG_INFORMATION_FORMAT = dwarf;
				ENABLE_STRICT_OBJC_MSGSEND = YES;
				ENABLE_TESTABILITY = YES;
				GCC_C_LANGUAGE_STANDARD = gnu11;
				GCC_DYNAMIC_NO_PIC = NO;
				GCC_NO_COMMON_BLOCKS = YES;
				GCC_OPTIMIZATION_LEVEL = 0;
				GCC_PREPROCESSOR_DEFINITIONS = (
					"DEBUG=1",
					"$(inherited)",
				);
				GCC_WARN_64_TO_32_BIT_CONVERSION = YES;
				GCC_WARN_ABOUT_RETURN_TYPE = YES_ERROR;
				GCC_WARN_UNDECLARED_SELECTOR = YES;
				GCC_WARN_UNINITIALIZED_AUTOS = YES_AGGRESSIVE;
				GCC_WARN_UNUSED_FUNCTION = YES;
				GCC_WARN_UNUSED_VARIABLE = YES;
				IPHONEOS_DEPLOYMENT_TARGET = 15.2;
				MTL_ENABLE_DEBUG_INFO = INCLUDE_SOURCE;
				MTL_FAST_MATH = YES;
				ONLY_ACTIVE_ARCH = YES;
				SDKROOT = iphoneos;
				SWIFT_ACTIVE_COMPILATION_CONDITIONS = DEBUG;
				SWIFT_OPTIMIZATION_LEVEL = "-Onone";
			};
			name = Debug;
		};
		50E0407E284060C4005E87C0 /* Release */ = {
			isa = XCBuildConfiguration;
			buildSettings = {
				ALWAYS_SEARCH_USER_PATHS = NO;
				CLANG_ANALYZER_NONNULL = YES;
				CLANG_ANALYZER_NUMBER_OBJECT_CONVERSION = YES_AGGRESSIVE;
				CLANG_CXX_LANGUAGE_STANDARD = "gnu++17";
				CLANG_CXX_LIBRARY = "libc++";
				CLANG_ENABLE_MODULES = YES;
				CLANG_ENABLE_OBJC_ARC = YES;
				CLANG_ENABLE_OBJC_WEAK = YES;
				CLANG_WARN_BLOCK_CAPTURE_AUTORELEASING = YES;
				CLANG_WARN_BOOL_CONVERSION = YES;
				CLANG_WARN_COMMA = YES;
				CLANG_WARN_CONSTANT_CONVERSION = YES;
				CLANG_WARN_DEPRECATED_OBJC_IMPLEMENTATIONS = YES;
				CLANG_WARN_DIRECT_OBJC_ISA_USAGE = YES_ERROR;
				CLANG_WARN_DOCUMENTATION_COMMENTS = YES;
				CLANG_WARN_EMPTY_BODY = YES;
				CLANG_WARN_ENUM_CONVERSION = YES;
				CLANG_WARN_INFINITE_RECURSION = YES;
				CLANG_WARN_INT_CONVERSION = YES;
				CLANG_WARN_NON_LITERAL_NULL_CONVERSION = YES;
				CLANG_WARN_OBJC_IMPLICIT_RETAIN_SELF = YES;
				CLANG_WARN_OBJC_LITERAL_CONVERSION = YES;
				CLANG_WARN_OBJC_ROOT_CLASS = YES_ERROR;
				CLANG_WARN_QUOTED_INCLUDE_IN_FRAMEWORK_HEADER = YES;
				CLANG_WARN_RANGE_LOOP_ANALYSIS = YES;
				CLANG_WARN_STRICT_PROTOTYPES = YES;
				CLANG_WARN_SUSPICIOUS_MOVE = YES;
				CLANG_WARN_UNGUARDED_AVAILABILITY = YES_AGGRESSIVE;
				CLANG_WARN_UNREACHABLE_CODE = YES;
				CLANG_WARN__DUPLICATE_METHOD_MATCH = YES;
				COPY_PHASE_STRIP = NO;
				DEBUG_INFORMATION_FORMAT = "dwarf-with-dsym";
				ENABLE_NS_ASSERTIONS = NO;
				ENABLE_STRICT_OBJC_MSGSEND = YES;
				GCC_C_LANGUAGE_STANDARD = gnu11;
				GCC_NO_COMMON_BLOCKS = YES;
				GCC_WARN_64_TO_32_BIT_CONVERSION = YES;
				GCC_WARN_ABOUT_RETURN_TYPE = YES_ERROR;
				GCC_WARN_UNDECLARED_SELECTOR = YES;
				GCC_WARN_UNINITIALIZED_AUTOS = YES_AGGRESSIVE;
				GCC_WARN_UNUSED_FUNCTION = YES;
				GCC_WARN_UNUSED_VARIABLE = YES;
				IPHONEOS_DEPLOYMENT_TARGET = 15.2;
				MTL_ENABLE_DEBUG_INFO = NO;
				MTL_FAST_MATH = YES;
				SDKROOT = iphoneos;
				SWIFT_COMPILATION_MODE = wholemodule;
				SWIFT_OPTIMIZATION_LEVEL = "-O";
				VALIDATE_PRODUCT = YES;
			};
			name = Release;
		};
		50E04080284060C4005E87C0 /* Debug */ = {
			isa = XCBuildConfiguration;
			baseConfigurationReference = D338BEBC6D839544D5A2CC1B /* Pods-Pryaniki_Test.debug.xcconfig */;
			buildSettings = {
				ASSETCATALOG_COMPILER_APPICON_NAME = AppIcon;
				ASSETCATALOG_COMPILER_GLOBAL_ACCENT_COLOR_NAME = AccentColor;
				CODE_SIGN_STYLE = Automatic;
				CURRENT_PROJECT_VERSION = 1;
				GENERATE_INFOPLIST_FILE = YES;
				INFOPLIST_FILE = Pryaniki_Test/Info.plist;
				INFOPLIST_KEY_UIApplicationSupportsIndirectInputEvents = YES;
				INFOPLIST_KEY_UILaunchStoryboardName = LaunchScreen;
				INFOPLIST_KEY_UISupportedInterfaceOrientations_iPad = "UIInterfaceOrientationPortrait UIInterfaceOrientationPortraitUpsideDown UIInterfaceOrientationLandscapeLeft UIInterfaceOrientationLandscapeRight";
				INFOPLIST_KEY_UISupportedInterfaceOrientations_iPhone = "UIInterfaceOrientationPortrait UIInterfaceOrientationLandscapeLeft UIInterfaceOrientationLandscapeRight";
				IPHONEOS_DEPLOYMENT_TARGET = 13.0;
				LD_RUNPATH_SEARCH_PATHS = (
					"$(inherited)",
					"@executable_path/Frameworks",
				);
				MARKETING_VERSION = 1.0;
				PRODUCT_BUNDLE_IDENTIFIER = "shinov-96-mail.ru.Pryaniki-Test";
				PRODUCT_NAME = "$(TARGET_NAME)";
				SWIFT_EMIT_LOC_STRINGS = YES;
				SWIFT_VERSION = 5.0;
				TARGETED_DEVICE_FAMILY = "1,2";
			};
			name = Debug;
		};
		50E04081284060C4005E87C0 /* Release */ = {
			isa = XCBuildConfiguration;
			baseConfigurationReference = 5C25ECE39CF2173D1DD09AE0 /* Pods-Pryaniki_Test.release.xcconfig */;
			buildSettings = {
				ASSETCATALOG_COMPILER_APPICON_NAME = AppIcon;
				ASSETCATALOG_COMPILER_GLOBAL_ACCENT_COLOR_NAME = AccentColor;
				CODE_SIGN_STYLE = Automatic;
				CURRENT_PROJECT_VERSION = 1;
				GENERATE_INFOPLIST_FILE = YES;
				INFOPLIST_FILE = Pryaniki_Test/Info.plist;
				INFOPLIST_KEY_UIApplicationSupportsIndirectInputEvents = YES;
				INFOPLIST_KEY_UILaunchStoryboardName = LaunchScreen;
				INFOPLIST_KEY_UISupportedInterfaceOrientations_iPad = "UIInterfaceOrientationPortrait UIInterfaceOrientationPortraitUpsideDown UIInterfaceOrientationLandscapeLeft UIInterfaceOrientationLandscapeRight";
				INFOPLIST_KEY_UISupportedInterfaceOrientations_iPhone = "UIInterfaceOrientationPortrait UIInterfaceOrientationLandscapeLeft UIInterfaceOrientationLandscapeRight";
				IPHONEOS_DEPLOYMENT_TARGET = 13.0;
				LD_RUNPATH_SEARCH_PATHS = (
					"$(inherited)",
					"@executable_path/Frameworks",
				);
				MARKETING_VERSION = 1.0;
				PRODUCT_BUNDLE_IDENTIFIER = "shinov-96-mail.ru.Pryaniki-Test";
				PRODUCT_NAME = "$(TARGET_NAME)";
				SWIFT_EMIT_LOC_STRINGS = YES;
				SWIFT_VERSION = 5.0;
				TARGETED_DEVICE_FAMILY = "1,2";
			};
			name = Release;
		};
/* End XCBuildConfiguration section */

/* Begin XCConfigurationList section */
		50E04066284060C0005E87C0 /* Build configuration list for PBXProject "Pryaniki_Test" */ = {
			isa = XCConfigurationList;
			buildConfigurations = (
				50E0407D284060C4005E87C0 /* Debug */,
				50E0407E284060C4005E87C0 /* Release */,
			);
			defaultConfigurationIsVisible = 0;
			defaultConfigurationName = Release;
		};
		50E0407F284060C4005E87C0 /* Build configuration list for PBXNativeTarget "Pryaniki_Test" */ = {
			isa = XCConfigurationList;
			buildConfigurations = (
				50E04080284060C4005E87C0 /* Debug */,
				50E04081284060C4005E87C0 /* Release */,
			);
			defaultConfigurationIsVisible = 0;
			defaultConfigurationName = Release;
		};
/* End XCConfigurationList section */
	};
	rootObject = 50E04063284060C0005E87C0 /* Project object */;
}
